
Microsoft Visual Studio Solution File, Format Version 12.00
# Visual Studio 2012
Project("{FAE04EC0-301F-11D3-BF4B-00C04F79EFBC}") = "COM2PRINTER", "COM2PRINTER.csproj", "{F43EF15C-7C06-47FC-A2D9-1C0618FB1E11}"
EndProject
Global
	GlobalSection(SolutionConfigurationPlatforms) = preSolution
		Debug|Any CPU = Debug|Any CPU
		Release|Any CPU = Release|Any CPU
	EndGlobalSection
	GlobalSection(ProjectConfigurationPlatforms) = postSolution
		{F43EF15C-7C06-47FC-A2D9-1C0618FB1E11}.Debug|Any CPU.ActiveCfg = Debug|Any CPU
		{F43EF15C-7C06-47FC-A2D9-1C0618FB1E11}.Debug|Any CPU.Build.0 = Debug|Any CPU
		{F43EF15C-7C06-47FC-A2D9-1C0618FB1E11}.Release|Any CPU.ActiveCfg = Release|Any CPU
		{F43EF15C-7C06-47FC-A2D9-1C0618FB1E11}.Release|Any CPU.Build.0 = Release|Any CPU
	EndGlobalSection
	GlobalSection(SolutionProperties) = preSolution
		HideSolutionNode = FALSE
	EndGlobalSection
EndGlobal
